
Microsoft Visual Studio Solution File, Format Version 12.00
# Visual Studio 2012
Project("{E24C65DC-7377-472B-9ABA-BC803B73C61A}") = "Cell.AudioEngine", "http://localhost:53887", "{45C302C2-3800-4C3C-8401-9CED84626716}"
	ProjectSection(WebsiteProperties) = preProject
		UseIISExpress = "true"
		TargetFrameworkMoniker = ".NETFramework,Version%3Dv4.5"
		Debug.AspNetCompiler.VirtualPath = "/localhost_53887"
		Debug.AspNetCompiler.PhysicalPath = "Cell.AudioEngine\"
		Debug.AspNetCompiler.TargetPath = "PrecompiledWeb\localhost_53887\"
		Debug.AspNetCompiler.Updateable = "true"
		Debug.AspNetCompiler.ForceOverwrite = "true"
		Debug.AspNetCompiler.FixedNames = "false"
		Debug.AspNetCompiler.Debug = "True"
		Release.AspNetCompiler.VirtualPath = "/localhost_53887"
		Release.AspNetCompiler.PhysicalPath = "Cell.AudioEngine\"
		Release.AspNetCompiler.TargetPath = "PrecompiledWeb\localhost_53887\"
		Release.AspNetCompiler.Updateable = "true"
		Release.AspNetCompiler.ForceOverwrite = "true"
		Release.AspNetCompiler.FixedNames = "false"
		Release.AspNetCompiler.Debug = "False"
		SlnRelativePath = "Cell.AudioEngine\"
		DefaultWebSiteLanguage = "Visual C#"
	EndProjectSection
EndProject
Global
	GlobalSection(SolutionConfigurationPlatforms) = preSolution
		Debug|Any CPU = Debug|Any CPU
		Debug|x86 = Debug|x86
		Release|Any CPU = Release|Any CPU
		Release|x86 = Release|x86
	EndGlobalSection
	GlobalSection(ProjectConfigurationPlatforms) = postSolution
		{45C302C2-3800-4C3C-8401-9CED84626716}.Debug|Any CPU.ActiveCfg = Debug|Any CPU
		{45C302C2-3800-4C3C-8401-9CED84626716}.Debug|Any CPU.Build.0 = Debug|Any CPU
		{45C302C2-3800-4C3C-8401-9CED84626716}.Debug|x86.ActiveCfg = Debug|Any CPU
		{45C302C2-3800-4C3C-8401-9CED84626716}.Release|Any CPU.ActiveCfg = Debug|Any CPU
		{45C302C2-3800-4C3C-8401-9CED84626716}.Release|Any CPU.Build.0 = Debug|Any CPU
		{45C302C2-3800-4C3C-8401-9CED84626716}.Release|x86.ActiveCfg = Debug|Any CPU
	EndGlobalSection
	GlobalSection(SolutionProperties) = preSolution
		HideSolutionNode = FALSE
	EndGlobalSection
EndGlobal
